
Microsoft Visual Studio Solution File, Format Version 12.00
# Visual Studio Version 17
VisualStudioVersion = 17.3.32922.545
MinimumVisualStudioVersion = 10.0.40219.1
Project("{FAE04EC0-301F-11D3-BF4B-00C04F79EFBC}") = "iRStandings", "iRStandings.csproj", "{4A761128-11C6-4307-9803-951B9E6852A7}"
EndProject
Global
	GlobalSection(SolutionConfigurationPlatforms) = preSolution
		Debug|Any CPU = Debug|Any CPU
		Release|Any CPU = Release|Any CPU
	EndGlobalSection
	GlobalSection(ProjectConfigurationPlatforms) = postSolution
		{4A761128-11C6-4307-9803-951B9E6852A7}.Debug|Any CPU.ActiveCfg = Debug|Any CPU
		{4A761128-11C6-4307-9803-951B9E6852A7}.Debug|Any CPU.Build.0 = Debug|Any CPU
		{4A761128-11C6-4307-9803-951B9E6852A7}.Release|Any CPU.ActiveCfg = Release|Any CPU
		{4A761128-11C6-4307-9803-951B9E6852A7}.Release|Any CPU.Build.0 = Release|Any CPU
	EndGlobalSection
	GlobalSection(SolutionProperties) = preSolution
		HideSolutionNode = FALSE
	EndGlobalSection
	GlobalSection(ExtensibilityGlobals) = postSolution
		SolutionGuid = {E4C36A43-735B-4789-8197-EC4A02EFADCE}
	EndGlobalSection
EndGlobal
